
Microsoft Visual Studio Solution File, Format Version 12.00
# Visual Studio Version 16
VisualStudioVersion = 16.0.30907.101
MinimumVisualStudioVersion = 10.0.40219.1
Project("{FAE04EC0-301F-11D3-BF4B-00C04F79EFBC}") = "DataAccess", "DataAccess\DataAccess.csproj", "{2AA14044-0C89-41A0-994E-8DE64C49FCBF}"
EndProject
Project("{FAE04EC0-301F-11D3-BF4B-00C04F79EFBC}") = "Entities", "Entities\Entities.csproj", "{676C12F1-DDC8-4963-8EA7-B15CD530ECE6}"
EndProject
Project("{FAE04EC0-301F-11D3-BF4B-00C04F79EFBC}") = "Business", "Business\Business.csproj", "{68D1201E-DCAB-4869-AEA0-F26819FFF8C2}"
EndProject
Project("{FAE04EC0-301F-11D3-BF4B-00C04F79EFBC}") = "ConsoleUI", "ConsoleUI\ConsoleUI.csproj", "{335FDE2E-1736-4B03-9E33-2FF531FA5F3A}"
EndProject
Global
	GlobalSection(SolutionConfigurationPlatforms) = preSolution
		Debug|Any CPU = Debug|Any CPU
		Release|Any CPU = Release|Any CPU
	EndGlobalSection
	GlobalSection(ProjectConfigurationPlatforms) = postSolution
		{2AA14044-0C89-41A0-994E-8DE64C49FCBF}.Debug|Any CPU.ActiveCfg = Debug|Any CPU
		{2AA14044-0C89-41A0-994E-8DE64C49FCBF}.Debug|Any CPU.Build.0 = Debug|Any CPU
		{2AA14044-0C89-41A0-994E-8DE64C49FCBF}.Release|Any CPU.ActiveCfg = Release|Any CPU
		{2AA14044-0C89-41A0-994E-8DE64C49FCBF}.Release|Any CPU.Build.0 = Release|Any CPU
		{676C12F1-DDC8-4963-8EA7-B15CD530ECE6}.Debug|Any CPU.ActiveCfg = Debug|Any CPU
		{676C12F1-DDC8-4963-8EA7-B15CD530ECE6}.Debug|Any CPU.Build.0 = Debug|Any CPU
		{676C12F1-DDC8-4963-8EA7-B15CD530ECE6}.Release|Any CPU.ActiveCfg = Release|Any CPU
		{676C12F1-DDC8-4963-8EA7-B15CD530ECE6}.Release|Any CPU.Build.0 = Release|Any CPU
		{68D1201E-DCAB-4869-AEA0-F26819FFF8C2}.Debug|Any CPU.ActiveCfg = Debug|Any CPU
		{68D1201E-DCAB-4869-AEA0-F26819FFF8C2}.Debug|Any CPU.Build.0 = Debug|Any CPU
		{68D1201E-DCAB-4869-AEA0-F26819FFF8C2}.Release|Any CPU.ActiveCfg = Release|Any CPU
		{68D1201E-DCAB-4869-AEA0-F26819FFF8C2}.Release|Any CPU.Build.0 = Release|Any CPU
		{335FDE2E-1736-4B03-9E33-2FF531FA5F3A}.Debug|Any CPU.ActiveCfg = Debug|Any CPU
		{335FDE2E-1736-4B03-9E33-2FF531FA5F3A}.Debug|Any CPU.Build.0 = Debug|Any CPU
		{335FDE2E-1736-4B03-9E33-2FF531FA5F3A}.Release|Any CPU.ActiveCfg = Release|Any CPU
		{335FDE2E-1736-4B03-9E33-2FF531FA5F3A}.Release|Any CPU.Build.0 = Release|Any CPU
	EndGlobalSection
	GlobalSection(SolutionProperties) = preSolution
		HideSolutionNode = FALSE
	EndGlobalSection
	GlobalSection(ExtensibilityGlobals) = postSolution
		SolutionGuid = {D2630328-9DB5-4353-A16B-63286ED9AD6B}
	EndGlobalSection
EndGlobal
